
Microsoft Visual Studio Solution File, Format Version 12.00
# Visual Studio 14
VisualStudioVersion = 14.0.25123.0
MinimumVisualStudioVersion = 10.0.40219.1
Project("{FAE04EC0-301F-11D3-BF4B-00C04F79EFBC}") = "Colander", "Colander\Colander.csproj", "{3A1E8BFB-8477-4A27-AC81-B6F24E942DDC}"
EndProject
Global
	GlobalSection(SolutionConfigurationPlatforms) = preSolution
		Debug|Any CPU = Debug|Any CPU
		Release|Any CPU = Release|Any CPU
	EndGlobalSection
	GlobalSection(ProjectConfigurationPlatforms) = postSolution
		{3A1E8BFB-8477-4A27-AC81-B6F24E942DDC}.Debug|Any CPU.ActiveCfg = Debug|Any CPU
		{3A1E8BFB-8477-4A27-AC81-B6F24E942DDC}.Debug|Any CPU.Build.0 = Debug|Any CPU
		{3A1E8BFB-8477-4A27-AC81-B6F24E942DDC}.Release|Any CPU.ActiveCfg = Release|Any CPU
		{3A1E8BFB-8477-4A27-AC81-B6F24E942DDC}.Release|Any CPU.Build.0 = Release|Any CPU
	EndGlobalSection
	GlobalSection(SolutionProperties) = preSolution
		HideSolutionNode = FALSE
	EndGlobalSection
EndGlobal
